
Microsoft Visual Studio Solution File, Format Version 12.00
# Visual Studio Version 16
VisualStudioVersion = 16.0.29411.108
MinimumVisualStudioVersion = 10.0.40219.1
Project("{FAE04EC0-301F-11D3-BF4B-00C04F79EFBC}") = "BasicInjector", "BasicInjector\BasicInjector.csproj", "{20024357-F161-490D-B831-42587F720B8D}"
EndProject
Global
	GlobalSection(SolutionConfigurationPlatforms) = preSolution
		Debug|Any CPU = Debug|Any CPU
		Debug|x64 = Debug|x64
		Release|Any CPU = Release|Any CPU
		Release|x64 = Release|x64
	EndGlobalSection
	GlobalSection(ProjectConfigurationPlatforms) = postSolution
		{20024357-F161-490D-B831-42587F720B8D}.Debug|Any CPU.ActiveCfg = Debug|Any CPU
		{20024357-F161-490D-B831-42587F720B8D}.Debug|Any CPU.Build.0 = Debug|Any CPU
		{20024357-F161-490D-B831-42587F720B8D}.Debug|x64.ActiveCfg = Debug|x64
		{20024357-F161-490D-B831-42587F720B8D}.Debug|x64.Build.0 = Debug|x64
		{20024357-F161-490D-B831-42587F720B8D}.Release|Any CPU.ActiveCfg = Release|Any CPU
		{20024357-F161-490D-B831-42587F720B8D}.Release|Any CPU.Build.0 = Release|Any CPU
		{20024357-F161-490D-B831-42587F720B8D}.Release|x64.ActiveCfg = Release|x64
		{20024357-F161-490D-B831-42587F720B8D}.Release|x64.Build.0 = Release|x64
	EndGlobalSection
	GlobalSection(SolutionProperties) = preSolution
		HideSolutionNode = FALSE
	EndGlobalSection
	GlobalSection(ExtensibilityGlobals) = postSolution
		SolutionGuid = {DC0DB1BD-2928-4E2B-918D-D5C924CB89ED}
	EndGlobalSection
EndGlobal
